// !$*UTF8*$!
{
	archiveVersion = 1;
	classes = {
	};
	objectVersion = 50;
	objects = {

/* Begin PBXBuildFile section */
		0212CDAF22A6219E00A83C16 /* MotionService.swift in Sources */ = {isa = PBXBuildFile; fileRef = 0212CDAE22A6219E00A83C16 /* MotionService.swift */; };
		0212CDB322A6356500A83C16 /* VideoCaptureViewController.swift in Sources */ = {isa = PBXBuildFile; fileRef = 0212CDB222A6356500A83C16 /* VideoCaptureViewController.swift */; };
		0236461B2298253900171F73 /* VideoCaptureService.swift in Sources */ = {isa = PBXBuildFile; fileRef = 023644AE2298253800171F73 /* VideoCaptureService.swift */; };
		0236461C2298253900171F73 /* libndi_ios.a in Frameworks */ = {isa = PBXBuildFile; fileRef = 023644BF2298253800171F73 /* libndi_ios.a */; };
		0236461D2298253900171F73 /* NDI.cpp in Sources */ = {isa = PBXBuildFile; fileRef = 023644C32298253800171F73 /* NDI.cpp */; };
		0236461E2298253900171F73 /* NDIAdapter.mm in Sources */ = {isa = PBXBuildFile; fileRef = 023644C42298253800171F73 /* NDIAdapter.mm */; };
		023BB10622965B490094363B /* Utils.swift in Sources */ = {isa = PBXBuildFile; fileRef = 023BB10522965B490094363B /* Utils.swift */; };
		02621F5522A4F9140071E9D2 /* UITextFieldExtension.swift in Sources */ = {isa = PBXBuildFile; fileRef = 02621F5222A4F9140071E9D2 /* UITextFieldExtension.swift */; };
		02621F5622A4F9140071E9D2 /* StringExtension.swift in Sources */ = {isa = PBXBuildFile; fileRef = 02621F5322A4F9140071E9D2 /* StringExtension.swift */; };
		02621F5722A4F9140071E9D2 /* UIScrollViewExtension.swift in Sources */ = {isa = PBXBuildFile; fileRef = 02621F5422A4F9140071E9D2 /* UIScrollViewExtension.swift */; };
		02621F5922A4F9250071E9D2 /* CommandSettingPresenter.swift in Sources */ = {isa = PBXBuildFile; fileRef = 02621F5822A4F9250071E9D2 /* CommandSettingPresenter.swift */; };
		0274B66322A0FD00005D7266 /* RemoteControlService.swift in Sources */ = {isa = PBXBuildFile; fileRef = 0274B66222A0FD00005D7266 /* RemoteControlService.swift */; };
		0281B29722A6791500ED97D9 /* ServiceManagerTests.swift in Sources */ = {isa = PBXBuildFile; fileRef = 0281B29622A6791500ED97D9 /* ServiceManagerTests.swift */; };
		02852E4422B7710F00801B6A /* TouchServiceTests.swift in Sources */ = {isa = PBXBuildFile; fileRef = 02852E4322B7710F00801B6A /* TouchServiceTests.swift */; };
		02852E4622B7711500801B6A /* MotionServiceTests.swift in Sources */ = {isa = PBXBuildFile; fileRef = 02852E4522B7711500801B6A /* MotionServiceTests.swift */; };
		029C0B0822B0D5C3006C96BC /* CommandSettingTabNavigationController.swift in Sources */ = {isa = PBXBuildFile; fileRef = 029C0B0722B0D5C3006C96BC /* CommandSettingTabNavigationController.swift */; };
		02A03597229CD56E00E7399E /* AltimeterService.swift in Sources */ = {isa = PBXBuildFile; fileRef = 02A03594229CD56D00E7399E /* AltimeterService.swift */; };
		02A03598229CD56E00E7399E /* AudioLevelService.swift in Sources */ = {isa = PBXBuildFile; fileRef = 02A03595229CD56E00E7399E /* AudioLevelService.swift */; };
		02A03599229CD56E00E7399E /* ProximityService.swift in Sources */ = {isa = PBXBuildFile; fileRef = 02A03596229CD56E00E7399E /* ProximityService.swift */; };
		02A0359B229CD6F800E7399E /* CommandSettingViewController.swift in Sources */ = {isa = PBXBuildFile; fileRef = 02A0359A229CD6F800E7399E /* CommandSettingViewController.swift */; };
		02A8FA882296B62D001FB3DD /* TouchService.swift in Sources */ = {isa = PBXBuildFile; fileRef = 02A8FA832296B62D001FB3DD /* TouchService.swift */; };
		02A8FA892296B62D001FB3DD /* LocationService.swift in Sources */ = {isa = PBXBuildFile; fileRef = 02A8FA842296B62D001FB3DD /* LocationService.swift */; };
		02A8FA8B2296B62D001FB3DD /* BatteryService.swift in Sources */ = {isa = PBXBuildFile; fileRef = 02A8FA862296B62D001FB3DD /* BatteryService.swift */; };
		02A8FA8C2296B62D001FB3DD /* ServiceManager.swift in Sources */ = {isa = PBXBuildFile; fileRef = 02A8FA872296B62D001FB3DD /* ServiceManager.swift */; };
		02A8FA8E2296B6DA001FB3DD /* NetworkAdapter.swift in Sources */ = {isa = PBXBuildFile; fileRef = 02A8FA8D2296B6DA001FB3DD /* NetworkAdapter.swift */; };
		02CE3DE822B1FB3E00A2B7B8 /* Settings.bundle in Resources */ = {isa = PBXBuildFile; fileRef = 02CE3DE722B1FB3E00A2B7B8 /* Settings.bundle */; };
		02CF468222A8D9A8006F93EF /* ArkitUtils.swift in Sources */ = {isa = PBXBuildFile; fileRef = 02CF468122A8D9A8006F93EF /* ArkitUtils.swift */; };
		02F0DBF1229FBB3600D45E56 /* ArkitViewController.swift in Sources */ = {isa = PBXBuildFile; fileRef = 02F0DBF0229FBB3600D45E56 /* ArkitViewController.swift */; };
		02F0DBF3229FC2EA00D45E56 /* ArkitService.swift in Sources */ = {isa = PBXBuildFile; fileRef = 02F0DBF2229FC2EA00D45E56 /* ArkitService.swift */; };
		36E36AC1EC5984082F26816B /* libPods-ZIGSIMPlusUITests.a in Frameworks */ = {isa = PBXBuildFile; fileRef = F47D2DC9D4BC0E47969EFDDD /* libPods-ZIGSIMPlusUITests.a */; };
		515666CDCA3E63C5E3DB8A55 /* Pods_ZIGSIMPlusTests.framework in Frameworks */ = {isa = PBXBuildFile; fileRef = D649462BFCE87CC9B3FEA3DD /* Pods_ZIGSIMPlusTests.framework */; };
		6326759422B3B1DA009A26B8 /* AppSettingModelTests.swift in Sources */ = {isa = PBXBuildFile; fileRef = 6326759322B3B1DA009A26B8 /* AppSettingModelTests.swift */; };
		633A82CF22ABB77D007B58AD /* CIQRCodeDescriptorExtension.swift in Sources */ = {isa = PBXBuildFile; fileRef = 633A82CE22ABB77D007B58AD /* CIQRCodeDescriptorExtension.swift */; };
		6345569A22B0CEF20032E976 /* VideoCapturePresenter.swift in Sources */ = {isa = PBXBuildFile; fileRef = 6345569922B0CEF20032E976 /* VideoCapturePresenter.swift */; };
		6345569C22B0E9150032E976 /* PresenterFactory.swift in Sources */ = {isa = PBXBuildFile; fileRef = 6345569B22B0E9150032E976 /* PresenterFactory.swift */; };
		637E961D22B8DFAF0019E70F /* StoreKit.framework in Frameworks */ = {isa = PBXBuildFile; fileRef = 637E961C22B8DFAF0019E70F /* StoreKit.framework */; };
		638345F422A6832700370600 /* NFCService.swift in Sources */ = {isa = PBXBuildFile; fileRef = 638345F322A6832700370600 /* NFCService.swift */; };
		63A6192B22A77DDA00B015DE /* NFCTypeNameFormatExtension.swift in Sources */ = {isa = PBXBuildFile; fileRef = 63A6192A22A77DDA00B015DE /* NFCTypeNameFormatExtension.swift */; };
		63A6192D22A79EDF00B015DE /* CoreNFC.framework in Frameworks */ = {isa = PBXBuildFile; fileRef = 63A6192C22A79EDF00B015DE /* CoreNFC.framework */; settings = {ATTRIBUTES = (Weak, ); }; };
		63C02A2C2293D97700551E2F /* CommandAndServiceMediator.swift in Sources */ = {isa = PBXBuildFile; fileRef = 63C02A2B2293D97700551E2F /* CommandAndServiceMediator.swift */; };
		63E5785B2296991400C6340C /* StringExtensionTests.swift in Sources */ = {isa = PBXBuildFile; fileRef = 63E5785A2296991400C6340C /* StringExtensionTests.swift */; };
		902EB9CA227BE68D008F1650 /* AppDelegate.swift in Sources */ = {isa = PBXBuildFile; fileRef = 902EB9C9227BE68D008F1650 /* AppDelegate.swift */; };
		902EB9CC227BE68D008F1650 /* CommandSelectionViewController.swift in Sources */ = {isa = PBXBuildFile; fileRef = 902EB9CB227BE68D008F1650 /* CommandSelectionViewController.swift */; };
		902EB9CF227BE68D008F1650 /* Main.storyboard in Resources */ = {isa = PBXBuildFile; fileRef = 902EB9CD227BE68D008F1650 /* Main.storyboard */; };
		902EB9D1227BE68F008F1650 /* Assets.xcassets in Resources */ = {isa = PBXBuildFile; fileRef = 902EB9D0227BE68F008F1650 /* Assets.xcassets */; };
		902EB9EA227BE68F008F1650 /* ZIGSIMPlusUITests.swift in Sources */ = {isa = PBXBuildFile; fileRef = 902EB9E9227BE68F008F1650 /* ZIGSIMPlusUITests.swift */; };
		902EB9FA227BED1B008F1650 /* CommandSelectionPresenter.swift in Sources */ = {isa = PBXBuildFile; fileRef = 902EB9F9227BED1B008F1650 /* CommandSelectionPresenter.swift */; };
		903BA771227D6C2100A2C378 /* AppSettingModel.swift in Sources */ = {isa = PBXBuildFile; fileRef = 903BA770227D6C2100A2C378 /* AppSettingModel.swift */; };
		9092E4CA227D8ADF0019F1C1 /* CommandOutputViewController.swift in Sources */ = {isa = PBXBuildFile; fileRef = 9092E4C9227D8ADF0019F1C1 /* CommandOutputViewController.swift */; };
		9092E4CC227EBF4D0019F1C1 /* Command.swift in Sources */ = {isa = PBXBuildFile; fileRef = 9092E4CB227EBF4D0019F1C1 /* Command.swift */; };
		9092E4D1227ECCFA0019F1C1 /* CommandOutputPresenter.swift in Sources */ = {isa = PBXBuildFile; fileRef = 9092E4D0227ECCFA0019F1C1 /* CommandOutputPresenter.swift */; };
		B30188E222B3909E00CB549F /* CommandSelection.storyboard in Resources */ = {isa = PBXBuildFile; fileRef = B30188E122B3909E00CB549F /* CommandSelection.storyboard */; };
		B30188E422B390C500CB549F /* CommandOutput.storyboard in Resources */ = {isa = PBXBuildFile; fileRef = B30188E322B390C500CB549F /* CommandOutput.storyboard */; };
		B30188E622B390E600CB549F /* CommandSetting.storyboard in Resources */ = {isa = PBXBuildFile; fileRef = B30188E522B390E600CB549F /* CommandSetting.storyboard */; };
		B35E192D22B10DC90044AEB3 /* NdiDetailPresenter.swift in Sources */ = {isa = PBXBuildFile; fileRef = B35E192C22B10DC90044AEB3 /* NdiDetailPresenter.swift */; };
		B3979A7922AA834F0097F5FC /* CompassDetailViewController.swift in Sources */ = {isa = PBXBuildFile; fileRef = B3979A7822AA834F0097F5FC /* CompassDetailViewController.swift */; };
		B3C6588722A9022600B4358B /* StandardCell.xib in Resources */ = {isa = PBXBuildFile; fileRef = B3C6588622A9022600B4358B /* StandardCell.xib */; };
		B3C6588922A9028500B4358B /* StandardCell.swift in Sources */ = {isa = PBXBuildFile; fileRef = B3C6588822A9028500B4358B /* StandardCell.swift */; };
		B3C6588B22A911B300B4358B /* NdiDetailViewController.swift in Sources */ = {isa = PBXBuildFile; fileRef = B3C6588A22A911B300B4358B /* NdiDetailViewController.swift */; };
		B3CFE5B822ADF436009664C0 /* ModalTexts.swift in Sources */ = {isa = PBXBuildFile; fileRef = B3CFE5B722ADF436009664C0 /* ModalTexts.swift */; };
		B3CFE5BA22AE67AC009664C0 /* CommandOutputViewSettingsTableCell.swift in Sources */ = {isa = PBXBuildFile; fileRef = B3CFE5B922AE67AC009664C0 /* CommandOutputViewSettingsTableCell.swift */; };
		FA9317F09DA3546086E76F6D /* Pods_ZIGSIMPlus.framework in Frameworks */ = {isa = PBXBuildFile; fileRef = 4EDF0DF0F4741CC4C6E4F711 /* Pods_ZIGSIMPlus.framework */; };
/* End PBXBuildFile section */

/* Begin PBXContainerItemProxy section */
		902EB9DB227BE68F008F1650 /* PBXContainerItemProxy */ = {
			isa = PBXContainerItemProxy;
			containerPortal = 902EB9BE227BE68D008F1650 /* Project object */;
			proxyType = 1;
			remoteGlobalIDString = 902EB9C5227BE68D008F1650;
			remoteInfo = ZIGSIMPlus;
		};
		902EB9E6227BE68F008F1650 /* PBXContainerItemProxy */ = {
			isa = PBXContainerItemProxy;
			containerPortal = 902EB9BE227BE68D008F1650 /* Project object */;
			proxyType = 1;
			remoteGlobalIDString = 902EB9C5227BE68D008F1650;
			remoteInfo = ZIGSIMPlus;
		};
/* End PBXContainerItemProxy section */

/* Begin PBXFileReference section */
		00BAC291441A71607FC5D83B /* Pods-ZIGSIMPlusTests.release.xcconfig */ = {isa = PBXFileReference; includeInIndex = 1; lastKnownFileType = text.xcconfig; name = "Pods-ZIGSIMPlusTests.release.xcconfig"; path = "Target Support Files/Pods-ZIGSIMPlusTests/Pods-ZIGSIMPlusTests.release.xcconfig"; sourceTree = "<group>"; };
		0212CDAE22A6219E00A83C16 /* MotionService.swift */ = {isa = PBXFileReference; lastKnownFileType = sourcecode.swift; path = MotionService.swift; sourceTree = "<group>"; };
		0212CDB222A6356500A83C16 /* VideoCaptureViewController.swift */ = {isa = PBXFileReference; lastKnownFileType = sourcecode.swift; path = VideoCaptureViewController.swift; sourceTree = "<group>"; };
		023644AE2298253800171F73 /* VideoCaptureService.swift */ = {isa = PBXFileReference; fileEncoding = 4; lastKnownFileType = sourcecode.swift; path = VideoCaptureService.swift; sourceTree = "<group>"; };
		023644B12298253800171F73 /* Processing.NDI.compat.h */ = {isa = PBXFileReference; fileEncoding = 4; lastKnownFileType = sourcecode.c.h; path = Processing.NDI.compat.h; sourceTree = "<group>"; };
		023644B22298253800171F73 /* Processing.NDI.utilities.h */ = {isa = PBXFileReference; fileEncoding = 4; lastKnownFileType = sourcecode.c.h; path = Processing.NDI.utilities.h; sourceTree = "<group>"; };
		023644B32298253800171F73 /* Processing.NDI.Recv.ex.h */ = {isa = PBXFileReference; fileEncoding = 4; lastKnownFileType = sourcecode.c.h; path = Processing.NDI.Recv.ex.h; sourceTree = "<group>"; };
		023644B42298253800171F73 /* Processing.NDI.deprecated.h */ = {isa = PBXFileReference; fileEncoding = 4; lastKnownFileType = sourcecode.c.h; path = Processing.NDI.deprecated.h; sourceTree = "<group>"; };
		023644B52298253800171F73 /* Processing.NDI.Routing.h */ = {isa = PBXFileReference; fileEncoding = 4; lastKnownFileType = sourcecode.c.h; path = Processing.NDI.Routing.h; sourceTree = "<group>"; };
		023644B62298253800171F73 /* Processing.NDI.Send.h */ = {isa = PBXFileReference; fileEncoding = 4; lastKnownFileType = sourcecode.c.h; path = Processing.NDI.Send.h; sourceTree = "<group>"; };
		023644B72298253800171F73 /* Processing.NDI.structs.h */ = {isa = PBXFileReference; fileEncoding = 4; lastKnownFileType = sourcecode.c.h; path = Processing.NDI.structs.h; sourceTree = "<group>"; };
		023644B82298253800171F73 /* Processing.NDI.Lib.cplusplus.h */ = {isa = PBXFileReference; fileEncoding = 4; lastKnownFileType = sourcecode.c.h; path = Processing.NDI.Lib.cplusplus.h; sourceTree = "<group>"; };
		023644B92298253800171F73 /* Processing.NDI.FrameSync.h */ = {isa = PBXFileReference; fileEncoding = 4; lastKnownFileType = sourcecode.c.h; path = Processing.NDI.FrameSync.h; sourceTree = "<group>"; };
		023644BA2298253800171F73 /* Processing.NDI.Find.h */ = {isa = PBXFileReference; fileEncoding = 4; lastKnownFileType = sourcecode.c.h; path = Processing.NDI.Find.h; sourceTree = "<group>"; };
		023644BB2298253800171F73 /* Processing.NDI.DynamicLoad.h */ = {isa = PBXFileReference; fileEncoding = 4; lastKnownFileType = sourcecode.c.h; path = Processing.NDI.DynamicLoad.h; sourceTree = "<group>"; };
		023644BC2298253800171F73 /* Processing.NDI.Recv.h */ = {isa = PBXFileReference; fileEncoding = 4; lastKnownFileType = sourcecode.c.h; path = Processing.NDI.Recv.h; sourceTree = "<group>"; };
		023644BD2298253800171F73 /* Processing.NDI.Lib.h */ = {isa = PBXFileReference; fileEncoding = 4; lastKnownFileType = sourcecode.c.h; path = Processing.NDI.Lib.h; sourceTree = "<group>"; };
		023644BF2298253800171F73 /* libndi_ios.a */ = {isa = PBXFileReference; lastKnownFileType = archive.ar; path = libndi_ios.a; sourceTree = "<group>"; };
		023644C12298253800171F73 /* NDIAdapter.h */ = {isa = PBXFileReference; fileEncoding = 4; lastKnownFileType = sourcecode.c.h; path = NDIAdapter.h; sourceTree = "<group>"; };
		023644C22298253800171F73 /* NDI.hpp */ = {isa = PBXFileReference; fileEncoding = 4; lastKnownFileType = sourcecode.cpp.h; path = NDI.hpp; sourceTree = "<group>"; };
		023644C32298253800171F73 /* NDI.cpp */ = {isa = PBXFileReference; fileEncoding = 4; lastKnownFileType = sourcecode.cpp.cpp; path = NDI.cpp; sourceTree = "<group>"; };
		023644C42298253800171F73 /* NDIAdapter.mm */ = {isa = PBXFileReference; fileEncoding = 4; lastKnownFileType = sourcecode.cpp.objcpp; path = NDIAdapter.mm; sourceTree = "<group>"; };
		0236461F2298257500171F73 /* ZIGSIMPlus-Bridging-Header.h */ = {isa = PBXFileReference; lastKnownFileType = sourcecode.c.h; path = "ZIGSIMPlus-Bridging-Header.h"; sourceTree = "<group>"; };
		023BB10522965B490094363B /* Utils.swift */ = {isa = PBXFileReference; fileEncoding = 4; lastKnownFileType = sourcecode.swift; path = Utils.swift; sourceTree = "<group>"; };
		02621F5222A4F9140071E9D2 /* UITextFieldExtension.swift */ = {isa = PBXFileReference; fileEncoding = 4; lastKnownFileType = sourcecode.swift; path = UITextFieldExtension.swift; sourceTree = "<group>"; };
		02621F5322A4F9140071E9D2 /* StringExtension.swift */ = {isa = PBXFileReference; fileEncoding = 4; lastKnownFileType = sourcecode.swift; path = StringExtension.swift; sourceTree = "<group>"; };
		02621F5422A4F9140071E9D2 /* UIScrollViewExtension.swift */ = {isa = PBXFileReference; fileEncoding = 4; lastKnownFileType = sourcecode.swift; path = UIScrollViewExtension.swift; sourceTree = "<group>"; };
		02621F5822A4F9250071E9D2 /* CommandSettingPresenter.swift */ = {isa = PBXFileReference; fileEncoding = 4; lastKnownFileType = sourcecode.swift; path = CommandSettingPresenter.swift; sourceTree = "<group>"; };
		0274B66222A0FD00005D7266 /* RemoteControlService.swift */ = {isa = PBXFileReference; fileEncoding = 4; lastKnownFileType = sourcecode.swift; path = RemoteControlService.swift; sourceTree = "<group>"; };
		0281B29622A6791500ED97D9 /* ServiceManagerTests.swift */ = {isa = PBXFileReference; fileEncoding = 4; lastKnownFileType = sourcecode.swift; path = ServiceManagerTests.swift; sourceTree = "<group>"; };
		02852E4322B7710F00801B6A /* TouchServiceTests.swift */ = {isa = PBXFileReference; fileEncoding = 4; lastKnownFileType = sourcecode.swift; path = TouchServiceTests.swift; sourceTree = "<group>"; };
		02852E4522B7711500801B6A /* MotionServiceTests.swift */ = {isa = PBXFileReference; fileEncoding = 4; lastKnownFileType = sourcecode.swift; path = MotionServiceTests.swift; sourceTree = "<group>"; };
		029C0B0722B0D5C3006C96BC /* CommandSettingTabNavigationController.swift */ = {isa = PBXFileReference; lastKnownFileType = sourcecode.swift; path = CommandSettingTabNavigationController.swift; sourceTree = "<group>"; };
		02A03594229CD56D00E7399E /* AltimeterService.swift */ = {isa = PBXFileReference; fileEncoding = 4; lastKnownFileType = sourcecode.swift; path = AltimeterService.swift; sourceTree = "<group>"; };
		02A03595229CD56E00E7399E /* AudioLevelService.swift */ = {isa = PBXFileReference; fileEncoding = 4; lastKnownFileType = sourcecode.swift; path = AudioLevelService.swift; sourceTree = "<group>"; };
		02A03596229CD56E00E7399E /* ProximityService.swift */ = {isa = PBXFileReference; fileEncoding = 4; lastKnownFileType = sourcecode.swift; path = ProximityService.swift; sourceTree = "<group>"; };
		02A0359A229CD6F800E7399E /* CommandSettingViewController.swift */ = {isa = PBXFileReference; fileEncoding = 4; lastKnownFileType = sourcecode.swift; path = CommandSettingViewController.swift; sourceTree = "<group>"; };
		02A8FA832296B62D001FB3DD /* TouchService.swift */ = {isa = PBXFileReference; fileEncoding = 4; lastKnownFileType = sourcecode.swift; path = TouchService.swift; sourceTree = "<group>"; };
		02A8FA842296B62D001FB3DD /* LocationService.swift */ = {isa = PBXFileReference; fileEncoding = 4; lastKnownFileType = sourcecode.swift; path = LocationService.swift; sourceTree = "<group>"; };
		02A8FA862296B62D001FB3DD /* BatteryService.swift */ = {isa = PBXFileReference; fileEncoding = 4; lastKnownFileType = sourcecode.swift; path = BatteryService.swift; sourceTree = "<group>"; };
		02A8FA872296B62D001FB3DD /* ServiceManager.swift */ = {isa = PBXFileReference; fileEncoding = 4; lastKnownFileType = sourcecode.swift; path = ServiceManager.swift; sourceTree = "<group>"; };
		02A8FA8D2296B6DA001FB3DD /* NetworkAdapter.swift */ = {isa = PBXFileReference; fileEncoding = 4; lastKnownFileType = sourcecode.swift; path = NetworkAdapter.swift; sourceTree = "<group>"; };
		02CE3DE722B1FB3E00A2B7B8 /* Settings.bundle */ = {isa = PBXFileReference; lastKnownFileType = "wrapper.plug-in"; path = Settings.bundle; sourceTree = "<group>"; };
		02CF468122A8D9A8006F93EF /* ArkitUtils.swift */ = {isa = PBXFileReference; lastKnownFileType = sourcecode.swift; path = ArkitUtils.swift; sourceTree = "<group>"; };
		02F0DBF0229FBB3600D45E56 /* ArkitViewController.swift */ = {isa = PBXFileReference; lastKnownFileType = sourcecode.swift; path = ArkitViewController.swift; sourceTree = "<group>"; };
		02F0DBF2229FC2EA00D45E56 /* ArkitService.swift */ = {isa = PBXFileReference; lastKnownFileType = sourcecode.swift; path = ArkitService.swift; sourceTree = "<group>"; };
		4EDF0DF0F4741CC4C6E4F711 /* Pods_ZIGSIMPlus.framework */ = {isa = PBXFileReference; explicitFileType = wrapper.framework; includeInIndex = 0; path = Pods_ZIGSIMPlus.framework; sourceTree = BUILT_PRODUCTS_DIR; };
		60959D172D597521EA4CD112 /* Pods-ZIGSIMPlus.debug.xcconfig */ = {isa = PBXFileReference; includeInIndex = 1; lastKnownFileType = text.xcconfig; name = "Pods-ZIGSIMPlus.debug.xcconfig"; path = "Target Support Files/Pods-ZIGSIMPlus/Pods-ZIGSIMPlus.debug.xcconfig"; sourceTree = "<group>"; };
		6326759322B3B1DA009A26B8 /* AppSettingModelTests.swift */ = {isa = PBXFileReference; lastKnownFileType = sourcecode.swift; path = AppSettingModelTests.swift; sourceTree = "<group>"; };
		633A82CE22ABB77D007B58AD /* CIQRCodeDescriptorExtension.swift */ = {isa = PBXFileReference; lastKnownFileType = sourcecode.swift; path = CIQRCodeDescriptorExtension.swift; sourceTree = "<group>"; };
		6345569922B0CEF20032E976 /* VideoCapturePresenter.swift */ = {isa = PBXFileReference; lastKnownFileType = sourcecode.swift; path = VideoCapturePresenter.swift; sourceTree = "<group>"; };
		6345569B22B0E9150032E976 /* PresenterFactory.swift */ = {isa = PBXFileReference; lastKnownFileType = sourcecode.swift; path = PresenterFactory.swift; sourceTree = "<group>"; };
		63575D45229FEBB400BC1868 /* ZIGSIMPlus.entitlements */ = {isa = PBXFileReference; lastKnownFileType = text.plist.entitlements; path = ZIGSIMPlus.entitlements; sourceTree = "<group>"; };
		637E961C22B8DFAF0019E70F /* StoreKit.framework */ = {isa = PBXFileReference; lastKnownFileType = wrapper.framework; name = StoreKit.framework; path = System/Library/Frameworks/StoreKit.framework; sourceTree = SDKROOT; };
		638345F322A6832700370600 /* NFCService.swift */ = {isa = PBXFileReference; lastKnownFileType = sourcecode.swift; path = NFCService.swift; sourceTree = "<group>"; };
		63A6192A22A77DDA00B015DE /* NFCTypeNameFormatExtension.swift */ = {isa = PBXFileReference; lastKnownFileType = sourcecode.swift; path = NFCTypeNameFormatExtension.swift; sourceTree = "<group>"; };
		63A6192C22A79EDF00B015DE /* CoreNFC.framework */ = {isa = PBXFileReference; lastKnownFileType = wrapper.framework; name = CoreNFC.framework; path = System/Library/Frameworks/CoreNFC.framework; sourceTree = SDKROOT; };
		63C02A2B2293D97700551E2F /* CommandAndServiceMediator.swift */ = {isa = PBXFileReference; lastKnownFileType = sourcecode.swift; path = CommandAndServiceMediator.swift; sourceTree = "<group>"; };
		63E5785A2296991400C6340C /* StringExtensionTests.swift */ = {isa = PBXFileReference; lastKnownFileType = sourcecode.swift; path = StringExtensionTests.swift; sourceTree = "<group>"; };
		845FB691AB12A4012EF3796C /* Pods-ZIGSIMPlusUITests.debug.xcconfig */ = {isa = PBXFileReference; includeInIndex = 1; lastKnownFileType = text.xcconfig; name = "Pods-ZIGSIMPlusUITests.debug.xcconfig"; path = "Target Support Files/Pods-ZIGSIMPlusUITests/Pods-ZIGSIMPlusUITests.debug.xcconfig"; sourceTree = "<group>"; };
		902EB9C6227BE68D008F1650 /* ZIGSIMPlus.app */ = {isa = PBXFileReference; explicitFileType = wrapper.application; includeInIndex = 0; path = ZIGSIMPlus.app; sourceTree = BUILT_PRODUCTS_DIR; };
		902EB9C9227BE68D008F1650 /* AppDelegate.swift */ = {isa = PBXFileReference; lastKnownFileType = sourcecode.swift; path = AppDelegate.swift; sourceTree = "<group>"; };
		902EB9CB227BE68D008F1650 /* CommandSelectionViewController.swift */ = {isa = PBXFileReference; lastKnownFileType = sourcecode.swift; path = CommandSelectionViewController.swift; sourceTree = "<group>"; };
		902EB9CE227BE68D008F1650 /* Base */ = {isa = PBXFileReference; lastKnownFileType = file.storyboard; name = Base; path = Base.lproj/Main.storyboard; sourceTree = "<group>"; };
		902EB9D0227BE68F008F1650 /* Assets.xcassets */ = {isa = PBXFileReference; lastKnownFileType = folder.assetcatalog; path = Assets.xcassets; sourceTree = "<group>"; };
		902EB9D5227BE68F008F1650 /* Info.plist */ = {isa = PBXFileReference; lastKnownFileType = text.plist.xml; path = Info.plist; sourceTree = "<group>"; };
		902EB9DA227BE68F008F1650 /* ZIGSIMPlusTests.xctest */ = {isa = PBXFileReference; explicitFileType = wrapper.cfbundle; includeInIndex = 0; path = ZIGSIMPlusTests.xctest; sourceTree = BUILT_PRODUCTS_DIR; };
		902EB9E0227BE68F008F1650 /* Info.plist */ = {isa = PBXFileReference; lastKnownFileType = text.plist.xml; path = Info.plist; sourceTree = "<group>"; };
		902EB9E5227BE68F008F1650 /* ZIGSIMPlusUITests.xctest */ = {isa = PBXFileReference; explicitFileType = wrapper.cfbundle; includeInIndex = 0; path = ZIGSIMPlusUITests.xctest; sourceTree = BUILT_PRODUCTS_DIR; };
		902EB9E9227BE68F008F1650 /* ZIGSIMPlusUITests.swift */ = {isa = PBXFileReference; lastKnownFileType = sourcecode.swift; path = ZIGSIMPlusUITests.swift; sourceTree = "<group>"; };
		902EB9EB227BE68F008F1650 /* Info.plist */ = {isa = PBXFileReference; lastKnownFileType = text.plist.xml; path = Info.plist; sourceTree = "<group>"; };
		902EB9F9227BED1B008F1650 /* CommandSelectionPresenter.swift */ = {isa = PBXFileReference; lastKnownFileType = sourcecode.swift; path = CommandSelectionPresenter.swift; sourceTree = "<group>"; };
		903BA770227D6C2100A2C378 /* AppSettingModel.swift */ = {isa = PBXFileReference; lastKnownFileType = sourcecode.swift; path = AppSettingModel.swift; sourceTree = "<group>"; };
		9092E4C9227D8ADF0019F1C1 /* CommandOutputViewController.swift */ = {isa = PBXFileReference; lastKnownFileType = sourcecode.swift; path = CommandOutputViewController.swift; sourceTree = "<group>"; };
		9092E4CB227EBF4D0019F1C1 /* Command.swift */ = {isa = PBXFileReference; lastKnownFileType = sourcecode.swift; path = Command.swift; sourceTree = "<group>"; };
		9092E4D0227ECCFA0019F1C1 /* CommandOutputPresenter.swift */ = {isa = PBXFileReference; lastKnownFileType = sourcecode.swift; path = CommandOutputPresenter.swift; sourceTree = "<group>"; };
		9866F41A6DE0F0E17C066FC8 /* Pods-ZIGSIMPlus.release.xcconfig */ = {isa = PBXFileReference; includeInIndex = 1; lastKnownFileType = text.xcconfig; name = "Pods-ZIGSIMPlus.release.xcconfig"; path = "Target Support Files/Pods-ZIGSIMPlus/Pods-ZIGSIMPlus.release.xcconfig"; sourceTree = "<group>"; };
		9B2D113D39BA82A91CF65049 /* Pods-ZIGSIMPlusUITests.release.xcconfig */ = {isa = PBXFileReference; includeInIndex = 1; lastKnownFileType = text.xcconfig; name = "Pods-ZIGSIMPlusUITests.release.xcconfig"; path = "Target Support Files/Pods-ZIGSIMPlusUITests/Pods-ZIGSIMPlusUITests.release.xcconfig"; sourceTree = "<group>"; };
		B30188E122B3909E00CB549F /* CommandSelection.storyboard */ = {isa = PBXFileReference; lastKnownFileType = file.storyboard; path = CommandSelection.storyboard; sourceTree = "<group>"; };
		B30188E322B390C500CB549F /* CommandOutput.storyboard */ = {isa = PBXFileReference; lastKnownFileType = file.storyboard; path = CommandOutput.storyboard; sourceTree = "<group>"; };
		B30188E522B390E600CB549F /* CommandSetting.storyboard */ = {isa = PBXFileReference; lastKnownFileType = file.storyboard; path = CommandSetting.storyboard; sourceTree = "<group>"; };
		B35E192C22B10DC90044AEB3 /* NdiDetailPresenter.swift */ = {isa = PBXFileReference; lastKnownFileType = sourcecode.swift; path = NdiDetailPresenter.swift; sourceTree = "<group>"; };
		B3979A7822AA834F0097F5FC /* CompassDetailViewController.swift */ = {isa = PBXFileReference; lastKnownFileType = sourcecode.swift; path = CompassDetailViewController.swift; sourceTree = "<group>"; };
		B3C6588622A9022600B4358B /* StandardCell.xib */ = {isa = PBXFileReference; lastKnownFileType = file.xib; path = StandardCell.xib; sourceTree = "<group>"; };
		B3C6588822A9028500B4358B /* StandardCell.swift */ = {isa = PBXFileReference; lastKnownFileType = sourcecode.swift; path = StandardCell.swift; sourceTree = "<group>"; };
		B3C6588A22A911B300B4358B /* NdiDetailViewController.swift */ = {isa = PBXFileReference; lastKnownFileType = sourcecode.swift; path = NdiDetailViewController.swift; sourceTree = "<group>"; };
		B3CFE5B722ADF436009664C0 /* ModalTexts.swift */ = {isa = PBXFileReference; lastKnownFileType = sourcecode.swift; path = ModalTexts.swift; sourceTree = "<group>"; };
		B3CFE5B922AE67AC009664C0 /* CommandOutputViewSettingsTableCell.swift */ = {isa = PBXFileReference; fileEncoding = 4; lastKnownFileType = sourcecode.swift; path = CommandOutputViewSettingsTableCell.swift; sourceTree = "<group>"; };
		BA9E79731D84569378E0E641 /* Pods-ZIGSIMPlusTests.debug.xcconfig */ = {isa = PBXFileReference; includeInIndex = 1; lastKnownFileType = text.xcconfig; name = "Pods-ZIGSIMPlusTests.debug.xcconfig"; path = "Target Support Files/Pods-ZIGSIMPlusTests/Pods-ZIGSIMPlusTests.debug.xcconfig"; sourceTree = "<group>"; };
		D649462BFCE87CC9B3FEA3DD /* Pods_ZIGSIMPlusTests.framework */ = {isa = PBXFileReference; explicitFileType = wrapper.framework; includeInIndex = 0; path = Pods_ZIGSIMPlusTests.framework; sourceTree = BUILT_PRODUCTS_DIR; };
		F47D2DC9D4BC0E47969EFDDD /* libPods-ZIGSIMPlusUITests.a */ = {isa = PBXFileReference; explicitFileType = archive.ar; includeInIndex = 0; path = "libPods-ZIGSIMPlusUITests.a"; sourceTree = BUILT_PRODUCTS_DIR; };
/* End PBXFileReference section */

/* Begin PBXFrameworksBuildPhase section */
		902EB9C3227BE68D008F1650 /* Frameworks */ = {
			isa = PBXFrameworksBuildPhase;
			buildActionMask = 2147483647;
			files = (
				63A6192D22A79EDF00B015DE /* CoreNFC.framework in Frameworks */,
				FA9317F09DA3546086E76F6D /* Pods_ZIGSIMPlus.framework in Frameworks */,
				0236461C2298253900171F73 /* libndi_ios.a in Frameworks */,
				637E961D22B8DFAF0019E70F /* StoreKit.framework in Frameworks */,
			);
			runOnlyForDeploymentPostprocessing = 0;
		};
		902EB9D7227BE68F008F1650 /* Frameworks */ = {
			isa = PBXFrameworksBuildPhase;
			buildActionMask = 2147483647;
			files = (
				515666CDCA3E63C5E3DB8A55 /* Pods_ZIGSIMPlusTests.framework in Frameworks */,
			);
			runOnlyForDeploymentPostprocessing = 0;
		};
		902EB9E2227BE68F008F1650 /* Frameworks */ = {
			isa = PBXFrameworksBuildPhase;
			buildActionMask = 2147483647;
			files = (
				36E36AC1EC5984082F26816B /* libPods-ZIGSIMPlusUITests.a in Frameworks */,
			);
			runOnlyForDeploymentPostprocessing = 0;
		};
/* End PBXFrameworksBuildPhase section */

/* Begin PBXGroup section */
		023642CD2298253500171F73 /* Private */ = {
			isa = PBXGroup;
			children = (
				02F0DBEF229FBB1700D45E56 /* ARKit */,
				023644AD2298253800171F73 /* VideoCapture */,
				638345F222A6830600370600 /* NFC */,
			);
			path = Private;
			sourceTree = "<group>";
		};
		023644AD2298253800171F73 /* VideoCapture */ = {
			isa = PBXGroup;
			children = (
				023644AE2298253800171F73 /* VideoCaptureService.swift */,
				0212CDB222A6356500A83C16 /* VideoCaptureViewController.swift */,
				6345569922B0CEF20032E976 /* VideoCapturePresenter.swift */,
				633A82CE22ABB77D007B58AD /* CIQRCodeDescriptorExtension.swift */,
				023644AF2298253800171F73 /* SDK */,
				023644C02298253800171F73 /* Bindings */,
			);
			path = VideoCapture;
			sourceTree = "<group>";
		};
		023644AF2298253800171F73 /* SDK */ = {
			isa = PBXGroup;
			children = (
				023644B02298253800171F73 /* include */,
				023644BE2298253800171F73 /* lib */,
			);
			path = SDK;
			sourceTree = "<group>";
		};
		023644B02298253800171F73 /* include */ = {
			isa = PBXGroup;
			children = (
				023644B12298253800171F73 /* Processing.NDI.compat.h */,
				023644B22298253800171F73 /* Processing.NDI.utilities.h */,
				023644B32298253800171F73 /* Processing.NDI.Recv.ex.h */,
				023644B42298253800171F73 /* Processing.NDI.deprecated.h */,
				023644B52298253800171F73 /* Processing.NDI.Routing.h */,
				023644B62298253800171F73 /* Processing.NDI.Send.h */,
				023644B72298253800171F73 /* Processing.NDI.structs.h */,
				023644B82298253800171F73 /* Processing.NDI.Lib.cplusplus.h */,
				023644B92298253800171F73 /* Processing.NDI.FrameSync.h */,
				023644BA2298253800171F73 /* Processing.NDI.Find.h */,
				023644BB2298253800171F73 /* Processing.NDI.DynamicLoad.h */,
				023644BC2298253800171F73 /* Processing.NDI.Recv.h */,
				023644BD2298253800171F73 /* Processing.NDI.Lib.h */,
			);
			path = include;
			sourceTree = "<group>";
		};
		023644BE2298253800171F73 /* lib */ = {
			isa = PBXGroup;
			children = (
				023644BF2298253800171F73 /* libndi_ios.a */,
			);
			path = lib;
			sourceTree = "<group>";
		};
		023644C02298253800171F73 /* Bindings */ = {
			isa = PBXGroup;
			children = (
				023644C12298253800171F73 /* NDIAdapter.h */,
				023644C22298253800171F73 /* NDI.hpp */,
				023644C32298253800171F73 /* NDI.cpp */,
				023644C42298253800171F73 /* NDIAdapter.mm */,
			);
			path = Bindings;
			sourceTree = "<group>";
		};
		02621F5122A4F9140071E9D2 /* Extensions */ = {
			isa = PBXGroup;
			children = (
				02621F5222A4F9140071E9D2 /* UITextFieldExtension.swift */,
				02621F5322A4F9140071E9D2 /* StringExtension.swift */,
				02621F5422A4F9140071E9D2 /* UIScrollViewExtension.swift */,
			);
			path = Extensions;
			sourceTree = "<group>";
		};
		02A8FA822296B62D001FB3DD /* Services */ = {
			isa = PBXGroup;
			children = (
				02A8FA832296B62D001FB3DD /* TouchService.swift */,
				02A8FA842296B62D001FB3DD /* LocationService.swift */,
				0274B66222A0FD00005D7266 /* RemoteControlService.swift */,
				0212CDAE22A6219E00A83C16 /* MotionService.swift */,
				02A8FA862296B62D001FB3DD /* BatteryService.swift */,
				02A03594229CD56D00E7399E /* AltimeterService.swift */,
				02A03595229CD56E00E7399E /* AudioLevelService.swift */,
				02A03596229CD56E00E7399E /* ProximityService.swift */,
				02A8FA872296B62D001FB3DD /* ServiceManager.swift */,
			);
			path = Services;
			sourceTree = "<group>";
		};
		02F0DBEF229FBB1700D45E56 /* ARKit */ = {
			isa = PBXGroup;
			children = (
				02F0DBF2229FC2EA00D45E56 /* ArkitService.swift */,
				02F0DBF0229FBB3600D45E56 /* ArkitViewController.swift */,
				02CF468122A8D9A8006F93EF /* ArkitUtils.swift */,
			);
			path = ARKit;
			sourceTree = "<group>";
		};
		3047AA928C608382EC8AFA33 /* Frameworks */ = {
			isa = PBXGroup;
			children = (
				637E961C22B8DFAF0019E70F /* StoreKit.framework */,
				63A6192C22A79EDF00B015DE /* CoreNFC.framework */,
				023642CD2298253500171F73 /* Private */,
				4EDF0DF0F4741CC4C6E4F711 /* Pods_ZIGSIMPlus.framework */,
				D649462BFCE87CC9B3FEA3DD /* Pods_ZIGSIMPlusTests.framework */,
				F47D2DC9D4BC0E47969EFDDD /* libPods-ZIGSIMPlusUITests.a */,
			);
			name = Frameworks;
			sourceTree = "<group>";
		};
		5AFFA0679D7FDCE3F553FDCF /* Pods */ = {
			isa = PBXGroup;
			children = (
				60959D172D597521EA4CD112 /* Pods-ZIGSIMPlus.debug.xcconfig */,
				9866F41A6DE0F0E17C066FC8 /* Pods-ZIGSIMPlus.release.xcconfig */,
				BA9E79731D84569378E0E641 /* Pods-ZIGSIMPlusTests.debug.xcconfig */,
				00BAC291441A71607FC5D83B /* Pods-ZIGSIMPlusTests.release.xcconfig */,
				845FB691AB12A4012EF3796C /* Pods-ZIGSIMPlusUITests.debug.xcconfig */,
				9B2D113D39BA82A91CF65049 /* Pods-ZIGSIMPlusUITests.release.xcconfig */,
			);
			path = Pods;
			sourceTree = "<group>";
		};
		638345F222A6830600370600 /* NFC */ = {
			isa = PBXGroup;
			children = (
				638345F322A6832700370600 /* NFCService.swift */,
				63A6192A22A77DDA00B015DE /* NFCTypeNameFormatExtension.swift */,
			);
			path = NFC;
			sourceTree = "<group>";
		};
		902EB9BD227BE68D008F1650 = {
			isa = PBXGroup;
			children = (
				902EB9C8227BE68D008F1650 /* ZIGSIMPlus */,
				902EB9DD227BE68F008F1650 /* ZIGSIMPlusTests */,
				902EB9E8227BE68F008F1650 /* ZIGSIMPlusUITests */,
				902EB9C7227BE68D008F1650 /* Products */,
				5AFFA0679D7FDCE3F553FDCF /* Pods */,
				3047AA928C608382EC8AFA33 /* Frameworks */,
			);
			sourceTree = "<group>";
		};
		902EB9C7227BE68D008F1650 /* Products */ = {
			isa = PBXGroup;
			children = (
				902EB9C6227BE68D008F1650 /* ZIGSIMPlus.app */,
				902EB9DA227BE68F008F1650 /* ZIGSIMPlusTests.xctest */,
				902EB9E5227BE68F008F1650 /* ZIGSIMPlusUITests.xctest */,
			);
			name = Products;
			sourceTree = "<group>";
		};
		902EB9C8227BE68D008F1650 /* ZIGSIMPlus */ = {
			isa = PBXGroup;
			children = (
				02CE3DE722B1FB3E00A2B7B8 /* Settings.bundle */,
				63575D45229FEBB400BC1868 /* ZIGSIMPlus.entitlements */,
				902EB9C9227BE68D008F1650 /* AppDelegate.swift */,
				6345569B22B0E9150032E976 /* PresenterFactory.swift */,
				9092E4C7227D85890019F1C1 /* Models */,
				902EB9F7227BECC7008F1650 /* Views */,
				902EB9F8227BECDD008F1650 /* Presenters */,
				902EB9FB227BF0DB008F1650 /* Entities */,
				902EB9D0227BE68F008F1650 /* Assets.xcassets */,
				02621F5122A4F9140071E9D2 /* Extensions */,
				0236461F2298257500171F73 /* ZIGSIMPlus-Bridging-Header.h */,
				902EB9D5227BE68F008F1650 /* Info.plist */,
			);
			path = ZIGSIMPlus;
			sourceTree = "<group>";
		};
		902EB9DD227BE68F008F1650 /* ZIGSIMPlusTests */ = {
			isa = PBXGroup;
			children = (
				63E5785A2296991400C6340C /* StringExtensionTests.swift */,
				02852E4522B7711500801B6A /* MotionServiceTests.swift */,
				02852E4322B7710F00801B6A /* TouchServiceTests.swift */,
				0281B29622A6791500ED97D9 /* ServiceManagerTests.swift */,
				6326759322B3B1DA009A26B8 /* AppSettingModelTests.swift */,
				902EB9E0227BE68F008F1650 /* Info.plist */,
			);
			path = ZIGSIMPlusTests;
			sourceTree = "<group>";
		};
		902EB9E8227BE68F008F1650 /* ZIGSIMPlusUITests */ = {
			isa = PBXGroup;
			children = (
				902EB9E9227BE68F008F1650 /* ZIGSIMPlusUITests.swift */,
				902EB9EB227BE68F008F1650 /* Info.plist */,
			);
			path = ZIGSIMPlusUITests;
			sourceTree = "<group>";
		};
		902EB9F7227BECC7008F1650 /* Views */ = {
			isa = PBXGroup;
			children = (
				B3C6588522A901D400B4358B /* CustomCells */,
				902EB9CB227BE68D008F1650 /* CommandSelectionViewController.swift */,
				9092E4C9227D8ADF0019F1C1 /* CommandOutputViewController.swift */,
				B3CFE5B922AE67AC009664C0 /* CommandOutputViewSettingsTableCell.swift */,
				029C0B0722B0D5C3006C96BC /* CommandSettingTabNavigationController.swift */,
				02A0359A229CD6F800E7399E /* CommandSettingViewController.swift */,
				B3C6588A22A911B300B4358B /* NdiDetailViewController.swift */,
				B3979A7822AA834F0097F5FC /* CompassDetailViewController.swift */,
				B30188E122B3909E00CB549F /* CommandSelection.storyboard */,
				B30188E322B390C500CB549F /* CommandOutput.storyboard */,
				902EB9CD227BE68D008F1650 /* Main.storyboard */,
				B30188E522B390E600CB549F /* CommandSetting.storyboard */,
			);
			path = Views;
			sourceTree = "<group>";
		};
		902EB9F8227BECDD008F1650 /* Presenters */ = {
			isa = PBXGroup;
			children = (
				902EB9F9227BED1B008F1650 /* CommandSelectionPresenter.swift */,
				9092E4D0227ECCFA0019F1C1 /* CommandOutputPresenter.swift */,
				02621F5822A4F9250071E9D2 /* CommandSettingPresenter.swift */,
				B35E192C22B10DC90044AEB3 /* NdiDetailPresenter.swift */,
			);
			path = Presenters;
			sourceTree = "<group>";
		};
		902EB9FB227BF0DB008F1650 /* Entities */ = {
			isa = PBXGroup;
			children = (
				9092E4CB227EBF4D0019F1C1 /* Command.swift */,
				B3CFE5B722ADF436009664C0 /* ModalTexts.swift */,
			);
			path = Entities;
			sourceTree = "<group>";
		};
		9092E4C7227D85890019F1C1 /* Models */ = {
			isa = PBXGroup;
			children = (
				903BA770227D6C2100A2C378 /* AppSettingModel.swift */,
				02A8FA8D2296B6DA001FB3DD /* NetworkAdapter.swift */,
				63C02A2B2293D97700551E2F /* CommandAndServiceMediator.swift */,
				023BB10522965B490094363B /* Utils.swift */,
				02A8FA822296B62D001FB3DD /* Services */,
			);
			path = Models;
			sourceTree = "<group>";
		};
		B3C6588522A901D400B4358B /* CustomCells */ = {
			isa = PBXGroup;
			children = (
				B3C6588622A9022600B4358B /* StandardCell.xib */,
				B3C6588822A9028500B4358B /* StandardCell.swift */,
			);
			path = CustomCells;
			sourceTree = "<group>";
		};
/* End PBXGroup section */

/* Begin PBXNativeTarget section */
		902EB9C5227BE68D008F1650 /* ZIGSIMPlus */ = {
			isa = PBXNativeTarget;
			buildConfigurationList = 902EB9EE227BE68F008F1650 /* Build configuration list for PBXNativeTarget "ZIGSIMPlus" */;
			buildPhases = (
				76CC18D56D1D4013C08D7E64 /* [CP] Check Pods Manifest.lock */,
				902EB9C2227BE68D008F1650 /* Sources */,
				902EB9C3227BE68D008F1650 /* Frameworks */,
				902EB9C4227BE68D008F1650 /* Resources */,
				0C08B6B7878D8F62CABB8B9B /* [CP] Embed Pods Frameworks */,
				02CE3DE222B1F78400A2B7B8 /* LicensePlist */,
			);
			buildRules = (
			);
			dependencies = (
			);
			name = ZIGSIMPlus;
			productName = ZIGSIMPlus;
			productReference = 902EB9C6227BE68D008F1650 /* ZIGSIMPlus.app */;
			productType = "com.apple.product-type.application";
		};
		902EB9D9227BE68F008F1650 /* ZIGSIMPlusTests */ = {
			isa = PBXNativeTarget;
			buildConfigurationList = 902EB9F1227BE68F008F1650 /* Build configuration list for PBXNativeTarget "ZIGSIMPlusTests" */;
			buildPhases = (
				C663413003CD65493E6D629C /* [CP] Check Pods Manifest.lock */,
				902EB9D6227BE68F008F1650 /* Sources */,
				902EB9D7227BE68F008F1650 /* Frameworks */,
				902EB9D8227BE68F008F1650 /* Resources */,
			);
			buildRules = (
			);
			dependencies = (
				902EB9DC227BE68F008F1650 /* PBXTargetDependency */,
			);
			name = ZIGSIMPlusTests;
			productName = ZIGSIMPlusTests;
			productReference = 902EB9DA227BE68F008F1650 /* ZIGSIMPlusTests.xctest */;
			productType = "com.apple.product-type.bundle.unit-test";
		};
		902EB9E4227BE68F008F1650 /* ZIGSIMPlusUITests */ = {
			isa = PBXNativeTarget;
			buildConfigurationList = 902EB9F4227BE68F008F1650 /* Build configuration list for PBXNativeTarget "ZIGSIMPlusUITests" */;
			buildPhases = (
				B91CD1447D838A119DF148B4 /* [CP] Check Pods Manifest.lock */,
				902EB9E1227BE68F008F1650 /* Sources */,
				902EB9E2227BE68F008F1650 /* Frameworks */,
				902EB9E3227BE68F008F1650 /* Resources */,
			);
			buildRules = (
			);
			dependencies = (
				902EB9E7227BE68F008F1650 /* PBXTargetDependency */,
			);
			name = ZIGSIMPlusUITests;
			productName = ZIGSIMPlusUITests;
			productReference = 902EB9E5227BE68F008F1650 /* ZIGSIMPlusUITests.xctest */;
			productType = "com.apple.product-type.bundle.ui-testing";
		};
/* End PBXNativeTarget section */

/* Begin PBXProject section */
		902EB9BE227BE68D008F1650 /* Project object */ = {
			isa = PBXProject;
			attributes = {
				LastSwiftUpdateCheck = 1010;
				LastUpgradeCheck = 1010;
				ORGANIZATIONNAME = "Nozomu Kuwae";
				TargetAttributes = {
					902EB9C5227BE68D008F1650 = {
						CreatedOnToolsVersion = 10.1;
						SystemCapabilities = {
							com.apple.InAppPurchase = {
								enabled = 1;
							};
							com.apple.NearFieldCommunicationTagReading = {
								enabled = 1;
							};
						};
					};
					902EB9D9227BE68F008F1650 = {
						CreatedOnToolsVersion = 10.1;
						TestTargetID = 902EB9C5227BE68D008F1650;
					};
					902EB9E4227BE68F008F1650 = {
						CreatedOnToolsVersion = 10.1;
						TestTargetID = 902EB9C5227BE68D008F1650;
					};
				};
			};
			buildConfigurationList = 902EB9C1227BE68D008F1650 /* Build configuration list for PBXProject "ZIGSIMPlus" */;
			compatibilityVersion = "Xcode 9.3";
			developmentRegion = en;
			hasScannedForEncodings = 0;
			knownRegions = (
				en,
				Base,
			);
			mainGroup = 902EB9BD227BE68D008F1650;
			productRefGroup = 902EB9C7227BE68D008F1650 /* Products */;
			projectDirPath = "";
			projectRoot = "";
			targets = (
				902EB9C5227BE68D008F1650 /* ZIGSIMPlus */,
				902EB9D9227BE68F008F1650 /* ZIGSIMPlusTests */,
				902EB9E4227BE68F008F1650 /* ZIGSIMPlusUITests */,
			);
		};
/* End PBXProject section */

/* Begin PBXResourcesBuildPhase section */
		902EB9C4227BE68D008F1650 /* Resources */ = {
			isa = PBXResourcesBuildPhase;
			buildActionMask = 2147483647;
			files = (
				02CE3DE822B1FB3E00A2B7B8 /* Settings.bundle in Resources */,
				B30188E422B390C500CB549F /* CommandOutput.storyboard in Resources */,
				902EB9D1227BE68F008F1650 /* Assets.xcassets in Resources */,
				902EB9CF227BE68D008F1650 /* Main.storyboard in Resources */,
				B30188E222B3909E00CB549F /* CommandSelection.storyboard in Resources */,
				B30188E622B390E600CB549F /* CommandSetting.storyboard in Resources */,
				B3C6588722A9022600B4358B /* StandardCell.xib in Resources */,
			);
			runOnlyForDeploymentPostprocessing = 0;
		};
		902EB9D8227BE68F008F1650 /* Resources */ = {
			isa = PBXResourcesBuildPhase;
			buildActionMask = 2147483647;
			files = (
			);
			runOnlyForDeploymentPostprocessing = 0;
		};
		902EB9E3227BE68F008F1650 /* Resources */ = {
			isa = PBXResourcesBuildPhase;
			buildActionMask = 2147483647;
			files = (
			);
			runOnlyForDeploymentPostprocessing = 0;
		};
/* End PBXResourcesBuildPhase section */

/* Begin PBXShellScriptBuildPhase section */
		02CE3DE222B1F78400A2B7B8 /* LicensePlist */ = {
			isa = PBXShellScriptBuildPhase;
			buildActionMask = 2147483647;
			files = (
			);
			inputFileListPaths = (
			);
			inputPaths = (
			);
			name = LicensePlist;
			outputFileListPaths = (
			);
			outputPaths = (
			);
			runOnlyForDeploymentPostprocessing = 0;
			shellPath = /bin/sh;
			shellScript = "if [ $CONFIGURATION = \"Debug\" ]; then\n${PODS_ROOT}/LicensePlist/license-plist --output-path $PRODUCT_NAME/Settings.bundle --github-token a6b7222029fa5c23c25caf2619d8b3f743b5ddfc\nfi\n";
		};
		0C08B6B7878D8F62CABB8B9B /* [CP] Embed Pods Frameworks */ = {
			isa = PBXShellScriptBuildPhase;
			buildActionMask = 2147483647;
			files = (
			);
			inputFileListPaths = (
			);
			inputPaths = (
				"${PODS_ROOT}/Target Support Files/Pods-ZIGSIMPlus/Pods-ZIGSIMPlus-frameworks.sh",
				"${BUILT_PRODUCTS_DIR}/DeviceKit-framework/DeviceKit.framework",
				"${BUILT_PRODUCTS_DIR}/SwiftOSC/SwiftOSC.framework",
				"${BUILT_PRODUCTS_DIR}/SwiftSocket/SwiftSocket.framework",
				"${BUILT_PRODUCTS_DIR}/SwiftyJSON-framework/SwiftyJSON.framework",
				"${BUILT_PRODUCTS_DIR}/SwiftyUserDefaults/SwiftyUserDefaults.framework",
			);
			name = "[CP] Embed Pods Frameworks";
			outputFileListPaths = (
			);
			outputPaths = (
				"${TARGET_BUILD_DIR}/${FRAMEWORKS_FOLDER_PATH}/DeviceKit.framework",
				"${TARGET_BUILD_DIR}/${FRAMEWORKS_FOLDER_PATH}/SwiftOSC.framework",
				"${TARGET_BUILD_DIR}/${FRAMEWORKS_FOLDER_PATH}/SwiftSocket.framework",
				"${TARGET_BUILD_DIR}/${FRAMEWORKS_FOLDER_PATH}/SwiftyJSON.framework",
				"${TARGET_BUILD_DIR}/${FRAMEWORKS_FOLDER_PATH}/SwiftyUserDefaults.framework",
			);
			runOnlyForDeploymentPostprocessing = 0;
			shellPath = /bin/sh;
			shellScript = "\"${PODS_ROOT}/Target Support Files/Pods-ZIGSIMPlus/Pods-ZIGSIMPlus-frameworks.sh\"\n";
			showEnvVarsInLog = 0;
		};
		76CC18D56D1D4013C08D7E64 /* [CP] Check Pods Manifest.lock */ = {
			isa = PBXShellScriptBuildPhase;
			buildActionMask = 2147483647;
			files = (
			);
			inputFileListPaths = (
			);
			inputPaths = (
				"${PODS_PODFILE_DIR_PATH}/Podfile.lock",
				"${PODS_ROOT}/Manifest.lock",
			);
			name = "[CP] Check Pods Manifest.lock";
			outputFileListPaths = (
			);
			outputPaths = (
				"$(DERIVED_FILE_DIR)/Pods-ZIGSIMPlus-checkManifestLockResult.txt",
			);
			runOnlyForDeploymentPostprocessing = 0;
			shellPath = /bin/sh;
			shellScript = "diff \"${PODS_PODFILE_DIR_PATH}/Podfile.lock\" \"${PODS_ROOT}/Manifest.lock\" > /dev/null\nif [ $? != 0 ] ; then\n    # print error to STDERR\n    echo \"error: The sandbox is not in sync with the Podfile.lock. Run 'pod install' or update your CocoaPods installation.\" >&2\n    exit 1\nfi\n# This output is used by Xcode 'outputs' to avoid re-running this script phase.\necho \"SUCCESS\" > \"${SCRIPT_OUTPUT_FILE_0}\"\n";
			showEnvVarsInLog = 0;
		};
		B91CD1447D838A119DF148B4 /* [CP] Check Pods Manifest.lock */ = {
			isa = PBXShellScriptBuildPhase;
			buildActionMask = 2147483647;
			files = (
			);
			inputFileListPaths = (
			);
			inputPaths = (
				"${PODS_PODFILE_DIR_PATH}/Podfile.lock",
				"${PODS_ROOT}/Manifest.lock",
			);
			name = "[CP] Check Pods Manifest.lock";
			outputFileListPaths = (
			);
			outputPaths = (
				"$(DERIVED_FILE_DIR)/Pods-ZIGSIMPlusUITests-checkManifestLockResult.txt",
			);
			runOnlyForDeploymentPostprocessing = 0;
			shellPath = /bin/sh;
			shellScript = "diff \"${PODS_PODFILE_DIR_PATH}/Podfile.lock\" \"${PODS_ROOT}/Manifest.lock\" > /dev/null\nif [ $? != 0 ] ; then\n    # print error to STDERR\n    echo \"error: The sandbox is not in sync with the Podfile.lock. Run 'pod install' or update your CocoaPods installation.\" >&2\n    exit 1\nfi\n# This output is used by Xcode 'outputs' to avoid re-running this script phase.\necho \"SUCCESS\" > \"${SCRIPT_OUTPUT_FILE_0}\"\n";
			showEnvVarsInLog = 0;
		};
		C663413003CD65493E6D629C /* [CP] Check Pods Manifest.lock */ = {
			isa = PBXShellScriptBuildPhase;
			buildActionMask = 2147483647;
			files = (
			);
			inputFileListPaths = (
			);
			inputPaths = (
				"${PODS_PODFILE_DIR_PATH}/Podfile.lock",
				"${PODS_ROOT}/Manifest.lock",
			);
			name = "[CP] Check Pods Manifest.lock";
			outputFileListPaths = (
			);
			outputPaths = (
				"$(DERIVED_FILE_DIR)/Pods-ZIGSIMPlusTests-checkManifestLockResult.txt",
			);
			runOnlyForDeploymentPostprocessing = 0;
			shellPath = /bin/sh;
			shellScript = "diff \"${PODS_PODFILE_DIR_PATH}/Podfile.lock\" \"${PODS_ROOT}/Manifest.lock\" > /dev/null\nif [ $? != 0 ] ; then\n    # print error to STDERR\n    echo \"error: The sandbox is not in sync with the Podfile.lock. Run 'pod install' or update your CocoaPods installation.\" >&2\n    exit 1\nfi\n# This output is used by Xcode 'outputs' to avoid re-running this script phase.\necho \"SUCCESS\" > \"${SCRIPT_OUTPUT_FILE_0}\"\n";
			showEnvVarsInLog = 0;
		};
/* End PBXShellScriptBuildPhase section */

/* Begin PBXSourcesBuildPhase section */
		902EB9C2227BE68D008F1650 /* Sources */ = {
			isa = PBXSourcesBuildPhase;
			buildActionMask = 2147483647;
			files = (
				02A0359B229CD6F800E7399E /* CommandSettingViewController.swift in Sources */,
				02A03597229CD56E00E7399E /* AltimeterService.swift in Sources */,
				0236461D2298253900171F73 /* NDI.cpp in Sources */,
				02A8FA8C2296B62D001FB3DD /* ServiceManager.swift in Sources */,
				63A6192B22A77DDA00B015DE /* NFCTypeNameFormatExtension.swift in Sources */,
				02A8FA8B2296B62D001FB3DD /* BatteryService.swift in Sources */,
				902EB9FA227BED1B008F1650 /* CommandSelectionPresenter.swift in Sources */,
				02A8FA882296B62D001FB3DD /* TouchService.swift in Sources */,
				02F0DBF1229FBB3600D45E56 /* ArkitViewController.swift in Sources */,
				638345F422A6832700370600 /* NFCService.swift in Sources */,
				902EB9CC227BE68D008F1650 /* CommandSelectionViewController.swift in Sources */,
				6345569C22B0E9150032E976 /* PresenterFactory.swift in Sources */,
				B3979A7922AA834F0097F5FC /* CompassDetailViewController.swift in Sources */,
				B3CFE5B822ADF436009664C0 /* ModalTexts.swift in Sources */,
				9092E4CA227D8ADF0019F1C1 /* CommandOutputViewController.swift in Sources */,
				02A03598229CD56E00E7399E /* AudioLevelService.swift in Sources */,
				B35E192D22B10DC90044AEB3 /* NdiDetailPresenter.swift in Sources */,
				02621F5922A4F9250071E9D2 /* CommandSettingPresenter.swift in Sources */,
				0236461B2298253900171F73 /* VideoCaptureService.swift in Sources */,
				023BB10622965B490094363B /* Utils.swift in Sources */,
				902EB9CA227BE68D008F1650 /* AppDelegate.swift in Sources */,
				9092E4CC227EBF4D0019F1C1 /* Command.swift in Sources */,
				029C0B0822B0D5C3006C96BC /* CommandSettingTabNavigationController.swift in Sources */,
				903BA771227D6C2100A2C378 /* AppSettingModel.swift in Sources */,
				02621F5522A4F9140071E9D2 /* UITextFieldExtension.swift in Sources */,
				9092E4D1227ECCFA0019F1C1 /* CommandOutputPresenter.swift in Sources */,
				02F0DBF3229FC2EA00D45E56 /* ArkitService.swift in Sources */,
				02CF468222A8D9A8006F93EF /* ArkitUtils.swift in Sources */,
				6345569A22B0CEF20032E976 /* VideoCapturePresenter.swift in Sources */,
				02A03599229CD56E00E7399E /* ProximityService.swift in Sources */,
				02A8FA8E2296B6DA001FB3DD /* NetworkAdapter.swift in Sources */,
				63C02A2C2293D97700551E2F /* CommandAndServiceMediator.swift in Sources */,
				0274B66322A0FD00005D7266 /* RemoteControlService.swift in Sources */,
				0212CDAF22A6219E00A83C16 /* MotionService.swift in Sources */,
				633A82CF22ABB77D007B58AD /* CIQRCodeDescriptorExtension.swift in Sources */,
				0212CDB322A6356500A83C16 /* VideoCaptureViewController.swift in Sources */,
				B3CFE5BA22AE67AC009664C0 /* CommandOutputViewSettingsTableCell.swift in Sources */,
				02621F5622A4F9140071E9D2 /* StringExtension.swift in Sources */,
				B3C6588922A9028500B4358B /* StandardCell.swift in Sources */,
				0236461E2298253900171F73 /* NDIAdapter.mm in Sources */,
				02A8FA892296B62D001FB3DD /* LocationService.swift in Sources */,
				02621F5722A4F9140071E9D2 /* UIScrollViewExtension.swift in Sources */,
				B3C6588B22A911B300B4358B /* NdiDetailViewController.swift in Sources */,
			);
			runOnlyForDeploymentPostprocessing = 0;
		};
		902EB9D6227BE68F008F1650 /* Sources */ = {
			isa = PBXSourcesBuildPhase;
			buildActionMask = 2147483647;
			files = (
				63E5785B2296991400C6340C /* StringExtensionTests.swift in Sources */,
				02852E4622B7711500801B6A /* MotionServiceTests.swift in Sources */,
				02852E4422B7710F00801B6A /* TouchServiceTests.swift in Sources */,
				0281B29722A6791500ED97D9 /* ServiceManagerTests.swift in Sources */,
				6326759422B3B1DA009A26B8 /* AppSettingModelTests.swift in Sources */,
			);
			runOnlyForDeploymentPostprocessing = 0;
		};
		902EB9E1227BE68F008F1650 /* Sources */ = {
			isa = PBXSourcesBuildPhase;
			buildActionMask = 2147483647;
			files = (
				902EB9EA227BE68F008F1650 /* ZIGSIMPlusUITests.swift in Sources */,
			);
			runOnlyForDeploymentPostprocessing = 0;
		};
/* End PBXSourcesBuildPhase section */

/* Begin PBXTargetDependency section */
		902EB9DC227BE68F008F1650 /* PBXTargetDependency */ = {
			isa = PBXTargetDependency;
			target = 902EB9C5227BE68D008F1650 /* ZIGSIMPlus */;
			targetProxy = 902EB9DB227BE68F008F1650 /* PBXContainerItemProxy */;
		};
		902EB9E7227BE68F008F1650 /* PBXTargetDependency */ = {
			isa = PBXTargetDependency;
			target = 902EB9C5227BE68D008F1650 /* ZIGSIMPlus */;
			targetProxy = 902EB9E6227BE68F008F1650 /* PBXContainerItemProxy */;
		};
/* End PBXTargetDependency section */

/* Begin PBXVariantGroup section */
		902EB9CD227BE68D008F1650 /* Main.storyboard */ = {
			isa = PBXVariantGroup;
			children = (
				902EB9CE227BE68D008F1650 /* Base */,
			);
			name = Main.storyboard;
			sourceTree = "<group>";
		};
/* End PBXVariantGroup section */

/* Begin XCBuildConfiguration section */
		902EB9EC227BE68F008F1650 /* Debug */ = {
			isa = XCBuildConfiguration;
			buildSettings = {
				ALWAYS_SEARCH_USER_PATHS = NO;
				CLANG_ANALYZER_NONNULL = YES;
				CLANG_ANALYZER_NUMBER_OBJECT_CONVERSION = YES_AGGRESSIVE;
				CLANG_CXX_LANGUAGE_STANDARD = "gnu++14";
				CLANG_CXX_LIBRARY = "libc++";
				CLANG_ENABLE_MODULES = YES;
				CLANG_ENABLE_OBJC_ARC = YES;
				CLANG_ENABLE_OBJC_WEAK = YES;
				CLANG_WARN_BLOCK_CAPTURE_AUTORELEASING = YES;
				CLANG_WARN_BOOL_CONVERSION = YES;
				CLANG_WARN_COMMA = YES;
				CLANG_WARN_CONSTANT_CONVERSION = YES;
				CLANG_WARN_DEPRECATED_OBJC_IMPLEMENTATIONS = YES;
				CLANG_WARN_DIRECT_OBJC_ISA_USAGE = YES_ERROR;
				CLANG_WARN_DOCUMENTATION_COMMENTS = YES;
				CLANG_WARN_EMPTY_BODY = YES;
				CLANG_WARN_ENUM_CONVERSION = YES;
				CLANG_WARN_INFINITE_RECURSION = YES;
				CLANG_WARN_INT_CONVERSION = YES;
				CLANG_WARN_NON_LITERAL_NULL_CONVERSION = YES;
				CLANG_WARN_OBJC_IMPLICIT_RETAIN_SELF = YES;
				CLANG_WARN_OBJC_LITERAL_CONVERSION = YES;
				CLANG_WARN_OBJC_ROOT_CLASS = YES_ERROR;
				CLANG_WARN_RANGE_LOOP_ANALYSIS = YES;
				CLANG_WARN_STRICT_PROTOTYPES = YES;
				CLANG_WARN_SUSPICIOUS_MOVE = YES;
				CLANG_WARN_UNGUARDED_AVAILABILITY = YES_AGGRESSIVE;
				CLANG_WARN_UNREACHABLE_CODE = YES;
				CLANG_WARN__DUPLICATE_METHOD_MATCH = YES;
				CODE_SIGN_IDENTITY = "iPhone Developer";
				COPY_PHASE_STRIP = NO;
				DEBUG_INFORMATION_FORMAT = dwarf;
				ENABLE_STRICT_OBJC_MSGSEND = YES;
				ENABLE_TESTABILITY = YES;
				GCC_C_LANGUAGE_STANDARD = gnu11;
				GCC_DYNAMIC_NO_PIC = NO;
				GCC_NO_COMMON_BLOCKS = YES;
				GCC_OPTIMIZATION_LEVEL = 0;
				GCC_PREPROCESSOR_DEFINITIONS = (
					"DEBUG=1",
					"$(inherited)",
				);
				GCC_WARN_64_TO_32_BIT_CONVERSION = YES;
				GCC_WARN_ABOUT_RETURN_TYPE = YES_ERROR;
				GCC_WARN_UNDECLARED_SELECTOR = YES;
				GCC_WARN_UNINITIALIZED_AUTOS = YES_AGGRESSIVE;
				GCC_WARN_UNUSED_FUNCTION = YES;
				GCC_WARN_UNUSED_VARIABLE = YES;
				IPHONEOS_DEPLOYMENT_TARGET = 12.1;
				MTL_ENABLE_DEBUG_INFO = INCLUDE_SOURCE;
				MTL_FAST_MATH = YES;
				ONLY_ACTIVE_ARCH = YES;
				SDKROOT = iphoneos;
				SWIFT_ACTIVE_COMPILATION_CONDITIONS = DEBUG;
				SWIFT_OPTIMIZATION_LEVEL = "-Onone";
			};
			name = Debug;
		};
		902EB9ED227BE68F008F1650 /* Release */ = {
			isa = XCBuildConfiguration;
			buildSettings = {
				ALWAYS_SEARCH_USER_PATHS = NO;
				CLANG_ANALYZER_NONNULL = YES;
				CLANG_ANALYZER_NUMBER_OBJECT_CONVERSION = YES_AGGRESSIVE;
				CLANG_CXX_LANGUAGE_STANDARD = "gnu++14";
				CLANG_CXX_LIBRARY = "libc++";
				CLANG_ENABLE_MODULES = YES;
				CLANG_ENABLE_OBJC_ARC = YES;
				CLANG_ENABLE_OBJC_WEAK = YES;
				CLANG_WARN_BLOCK_CAPTURE_AUTORELEASING = YES;
				CLANG_WARN_BOOL_CONVERSION = YES;
				CLANG_WARN_COMMA = YES;
				CLANG_WARN_CONSTANT_CONVERSION = YES;
				CLANG_WARN_DEPRECATED_OBJC_IMPLEMENTATIONS = YES;
				CLANG_WARN_DIRECT_OBJC_ISA_USAGE = YES_ERROR;
				CLANG_WARN_DOCUMENTATION_COMMENTS = YES;
				CLANG_WARN_EMPTY_BODY = YES;
				CLANG_WARN_ENUM_CONVERSION = YES;
				CLANG_WARN_INFINITE_RECURSION = YES;
				CLANG_WARN_INT_CONVERSION = YES;
				CLANG_WARN_NON_LITERAL_NULL_CONVERSION = YES;
				CLANG_WARN_OBJC_IMPLICIT_RETAIN_SELF = YES;
				CLANG_WARN_OBJC_LITERAL_CONVERSION = YES;
				CLANG_WARN_OBJC_ROOT_CLASS = YES_ERROR;
				CLANG_WARN_RANGE_LOOP_ANALYSIS = YES;
				CLANG_WARN_STRICT_PROTOTYPES = YES;
				CLANG_WARN_SUSPICIOUS_MOVE = YES;
				CLANG_WARN_UNGUARDED_AVAILABILITY = YES_AGGRESSIVE;
				CLANG_WARN_UNREACHABLE_CODE = YES;
				CLANG_WARN__DUPLICATE_METHOD_MATCH = YES;
				CODE_SIGN_IDENTITY = "iPhone Developer";
				COPY_PHASE_STRIP = NO;
				DEBUG_INFORMATION_FORMAT = "dwarf-with-dsym";
				ENABLE_NS_ASSERTIONS = NO;
				ENABLE_STRICT_OBJC_MSGSEND = YES;
				GCC_C_LANGUAGE_STANDARD = gnu11;
				GCC_NO_COMMON_BLOCKS = YES;
				GCC_WARN_64_TO_32_BIT_CONVERSION = YES;
				GCC_WARN_ABOUT_RETURN_TYPE = YES_ERROR;
				GCC_WARN_UNDECLARED_SELECTOR = YES;
				GCC_WARN_UNINITIALIZED_AUTOS = YES_AGGRESSIVE;
				GCC_WARN_UNUSED_FUNCTION = YES;
				GCC_WARN_UNUSED_VARIABLE = YES;
				IPHONEOS_DEPLOYMENT_TARGET = 12.1;
				MTL_ENABLE_DEBUG_INFO = NO;
				MTL_FAST_MATH = YES;
				SDKROOT = iphoneos;
				SWIFT_COMPILATION_MODE = wholemodule;
				SWIFT_OPTIMIZATION_LEVEL = "-O";
				VALIDATE_PRODUCT = YES;
			};
			name = Release;
		};
		902EB9EF227BE68F008F1650 /* Debug */ = {
			isa = XCBuildConfiguration;
			baseConfigurationReference = 60959D172D597521EA4CD112 /* Pods-ZIGSIMPlus.debug.xcconfig */;
			buildSettings = {
				ASSETCATALOG_COMPILER_APPICON_NAME = AppIcon;
				ASSETCATALOG_COMPILER_LAUNCHIMAGE_NAME = LaunchImage;
				CODE_SIGN_ENTITLEMENTS = ZIGSIMPlus/ZIGSIMPlus.entitlements;
				CODE_SIGN_IDENTITY = "iPhone Developer";
				CODE_SIGN_STYLE = Automatic;
				DEVELOPMENT_TEAM = YBL5BK26BK;
				HEADER_SEARCH_PATHS = (
					"$(inherited)",
					"\"$(SRCROOT)/Private/VideoCapture/SDK/include\"",
					"\"${PODS_CONFIGURATION_BUILD_DIR}/SwiftOSC/SwiftOSC.framework/Headers\"",
					"\"${PODS_CONFIGURATION_BUILD_DIR}/SwiftSocket/SwiftSocket.framework/Headers\"",
				);
				INFOPLIST_FILE = ZIGSIMPlus/Info.plist;
				IPHONEOS_DEPLOYMENT_TARGET = 11.0;
				LD_RUNPATH_SEARCH_PATHS = (
					"$(inherited)",
					"@executable_path/Frameworks",
				);
				LIBRARY_SEARCH_PATHS = (
					"$(inherited)",
					"$(PROJECT_DIR)/Private/Prototypes/NDISwift/ofxNDI/libs/NDI/lib/vs/x64",
					"$(PROJECT_DIR)/Private/Prototypes/NDISwift/ofxNDI/libs/NDI/lib/vs/Win32",
					"$(PROJECT_DIR)/Private/Prototypes/NDISwift/ofxNDI/libs/NDI/lib/osx/x64",
					"$(PROJECT_DIR)/Private/Prototypes/NDISwift/ofxNDI/libs/NDI/lib/ios",
					"$(PROJECT_DIR)/Private/VideoCapture/SDK/lib",
				);
				PRODUCT_BUNDLE_IDENTIFIER = "com.1-10.ZIGSIMPlus-Explicit";
				PRODUCT_NAME = "$(TARGET_NAME)";
				PROVISIONING_PROFILE_SPECIFIER = "";
				SWIFT_OBJC_BRIDGING_HEADER = "$(SRCROOT)/ZIGSIMPlus/ZIGSIMPlus-Bridging-Header.h";
				SWIFT_VERSION = 4.2;
				TARGETED_DEVICE_FAMILY = "1,2";
			};
			name = Debug;
		};
		902EB9F0227BE68F008F1650 /* Release */ = {
			isa = XCBuildConfiguration;
			baseConfigurationReference = 9866F41A6DE0F0E17C066FC8 /* Pods-ZIGSIMPlus.release.xcconfig */;
			buildSettings = {
				ASSETCATALOG_COMPILER_APPICON_NAME = AppIcon;
				ASSETCATALOG_COMPILER_LAUNCHIMAGE_NAME = LaunchImage;
				CODE_SIGN_ENTITLEMENTS = ZIGSIMPlus/ZIGSIMPlus.entitlements;
				CODE_SIGN_IDENTITY = "iPhone Developer";
				CODE_SIGN_STYLE = Automatic;
				DEVELOPMENT_TEAM = YBL5BK26BK;
				HEADER_SEARCH_PATHS = (
					"$(inherited)",
					"\"$(SRCROOT)/Private/VideoCapture/SDK/include\"",
					"\"${PODS_CONFIGURATION_BUILD_DIR}/SwiftOSC/SwiftOSC.framework/Headers\"",
					"\"${PODS_CONFIGURATION_BUILD_DIR}/SwiftSocket/SwiftSocket.framework/Headers\"",
				);
				INFOPLIST_FILE = ZIGSIMPlus/Info.plist;
				IPHONEOS_DEPLOYMENT_TARGET = 11.0;
				LD_RUNPATH_SEARCH_PATHS = (
					"$(inherited)",
					"@executable_path/Frameworks",
				);
				LIBRARY_SEARCH_PATHS = (
					"$(inherited)",
					"$(PROJECT_DIR)/Private/Prototypes/NDISwift/ofxNDI/libs/NDI/lib/vs/x64",
					"$(PROJECT_DIR)/Private/Prototypes/NDISwift/ofxNDI/libs/NDI/lib/vs/Win32",
					"$(PROJECT_DIR)/Private/Prototypes/NDISwift/ofxNDI/libs/NDI/lib/osx/x64",
					"$(PROJECT_DIR)/Private/Prototypes/NDISwift/ofxNDI/libs/NDI/lib/ios",
					"$(PROJECT_DIR)/Private/VideoCapture/SDK/lib",
				);
				PRODUCT_BUNDLE_IDENTIFIER = "com.1-10.ZIGSIMPlus-Explicit";
				PRODUCT_NAME = "$(TARGET_NAME)";
				PROVISIONING_PROFILE_SPECIFIER = "";
				SWIFT_OBJC_BRIDGING_HEADER = "$(SRCROOT)/ZIGSIMPlus/ZIGSIMPlus-Bridging-Header.h";
				SWIFT_VERSION = 4.2;
				TARGETED_DEVICE_FAMILY = "1,2";
			};
			name = Release;
		};
		902EB9F2227BE68F008F1650 /* Debug */ = {
			isa = XCBuildConfiguration;
			baseConfigurationReference = BA9E79731D84569378E0E641 /* Pods-ZIGSIMPlusTests.debug.xcconfig */;
			buildSettings = {
				ALWAYS_EMBED_SWIFT_STANDARD_LIBRARIES = YES;
				BUNDLE_LOADER = "$(TEST_HOST)";
				CODE_SIGN_STYLE = Automatic;
				DEVELOPMENT_TEAM = YBL5BK26BK;
				INFOPLIST_FILE = ZIGSIMPlusTests/Info.plist;
				LD_RUNPATH_SEARCH_PATHS = (
					"$(inherited)",
					"@executable_path/Frameworks",
					"@loader_path/Frameworks",
				);
				PRODUCT_BUNDLE_IDENTIFIER = "com.1-10.ZIGSIMPlusTests";
				PRODUCT_NAME = "$(TARGET_NAME)";
				SWIFT_VERSION = 4.2;
				TARGETED_DEVICE_FAMILY = "1,2";
				TEST_HOST = "$(BUILT_PRODUCTS_DIR)/ZIGSIMPlus.app/ZIGSIMPlus";
			};
			name = Debug;
		};
		902EB9F3227BE68F008F1650 /* Release */ = {
			isa = XCBuildConfiguration;
			baseConfigurationReference = 00BAC291441A71607FC5D83B /* Pods-ZIGSIMPlusTests.release.xcconfig */;
			buildSettings = {
				ALWAYS_EMBED_SWIFT_STANDARD_LIBRARIES = YES;
				BUNDLE_LOADER = "$(TEST_HOST)";
				CODE_SIGN_STYLE = Automatic;
				DEVELOPMENT_TEAM = YBL5BK26BK;
				INFOPLIST_FILE = ZIGSIMPlusTests/Info.plist;
				LD_RUNPATH_SEARCH_PATHS = (
					"$(inherited)",
					"@executable_path/Frameworks",
					"@loader_path/Frameworks",
				);
				PRODUCT_BUNDLE_IDENTIFIER = "com.1-10.ZIGSIMPlusTests";
				PRODUCT_NAME = "$(TARGET_NAME)";
				SWIFT_VERSION = 4.2;
				TARGETED_DEVICE_FAMILY = "1,2";
				TEST_HOST = "$(BUILT_PRODUCTS_DIR)/ZIGSIMPlus.app/ZIGSIMPlus";
			};
			name = Release;
		};
		902EB9F5227BE68F008F1650 /* Debug */ = {
			isa = XCBuildConfiguration;
			baseConfigurationReference = 845FB691AB12A4012EF3796C /* Pods-ZIGSIMPlusUITests.debug.xcconfig */;
			buildSettings = {
				ALWAYS_EMBED_SWIFT_STANDARD_LIBRARIES = YES;
				CODE_SIGN_STYLE = Automatic;
				DEVELOPMENT_TEAM = YBL5BK26BK;
				INFOPLIST_FILE = ZIGSIMPlusUITests/Info.plist;
				LD_RUNPATH_SEARCH_PATHS = (
					"$(inherited)",
					"@executable_path/Frameworks",
					"@loader_path/Frameworks",
				);
				PRODUCT_BUNDLE_IDENTIFIER = "com.1-10.ZIGSIMPlusUITests";
				PRODUCT_NAME = "$(TARGET_NAME)";
				SWIFT_VERSION = 4.2;
				TARGETED_DEVICE_FAMILY = "1,2";
				TEST_TARGET_NAME = ZIGSIMPlus;
			};
			name = Debug;
		};
		902EB9F6227BE68F008F1650 /* Release */ = {
			isa = XCBuildConfiguration;
			baseConfigurationReference = 9B2D113D39BA82A91CF65049 /* Pods-ZIGSIMPlusUITests.release.xcconfig */;
			buildSettings = {
				ALWAYS_EMBED_SWIFT_STANDARD_LIBRARIES = YES;
				CODE_SIGN_STYLE = Automatic;
				DEVELOPMENT_TEAM = YBL5BK26BK;
				INFOPLIST_FILE = ZIGSIMPlusUITests/Info.plist;
				LD_RUNPATH_SEARCH_PATHS = (
					"$(inherited)",
					"@executable_path/Frameworks",
					"@loader_path/Frameworks",
				);
				PRODUCT_BUNDLE_IDENTIFIER = "com.1-10.ZIGSIMPlusUITests";
				PRODUCT_NAME = "$(TARGET_NAME)";
				SWIFT_VERSION = 4.2;
				TARGETED_DEVICE_FAMILY = "1,2";
				TEST_TARGET_NAME = ZIGSIMPlus;
			};
			name = Release;
		};
/* End XCBuildConfiguration section */

/* Begin XCConfigurationList section */
		902EB9C1227BE68D008F1650 /* Build configuration list for PBXProject "ZIGSIMPlus" */ = {
			isa = XCConfigurationList;
			buildConfigurations = (
				902EB9EC227BE68F008F1650 /* Debug */,
				902EB9ED227BE68F008F1650 /* Release */,
			);
			defaultConfigurationIsVisible = 0;
			defaultConfigurationName = Release;
		};
		902EB9EE227BE68F008F1650 /* Build configuration list for PBXNativeTarget "ZIGSIMPlus" */ = {
			isa = XCConfigurationList;
			buildConfigurations = (
				902EB9EF227BE68F008F1650 /* Debug */,
				902EB9F0227BE68F008F1650 /* Release */,
			);
			defaultConfigurationIsVisible = 0;
			defaultConfigurationName = Release;
		};
		902EB9F1227BE68F008F1650 /* Build configuration list for PBXNativeTarget "ZIGSIMPlusTests" */ = {
			isa = XCConfigurationList;
			buildConfigurations = (
				902EB9F2227BE68F008F1650 /* Debug */,
				902EB9F3227BE68F008F1650 /* Release */,
			);
			defaultConfigurationIsVisible = 0;
			defaultConfigurationName = Release;
		};
		902EB9F4227BE68F008F1650 /* Build configuration list for PBXNativeTarget "ZIGSIMPlusUITests" */ = {
			isa = XCConfigurationList;
			buildConfigurations = (
				902EB9F5227BE68F008F1650 /* Debug */,
				902EB9F6227BE68F008F1650 /* Release */,
			);
			defaultConfigurationIsVisible = 0;
			defaultConfigurationName = Release;
		};
/* End XCConfigurationList section */
	};
	rootObject = 902EB9BE227BE68D008F1650 /* Project object */;
}
